{
    "_meta": {
        "hash": {
            "sha256": "7bc567c2db467c7aa2718d9290893b4141acf28a90fd7e35ef97e8623440477f"
        },
        "pipfile-spec": 6,
        "requires": {
            "python_full_version": "3.10.11",
            "python_version": "3.10"
        },
        "sources": [
            {
                "name": "pypi",
                "url": "https://pypi.org/simple",
                "verify_ssl": true
            }
        ]
    },
    "default": {
        "asgiref": {
            "hashes": [
                "sha256:71e68008da809b957b7ee4b43dbccff33d1b23519fb8344e33f049897077afac",
                "sha256:9567dfe7bd8d3c8c892227827c41cce860b368104c3431da67a0c5a65a949506"
            ],
            "markers": "python_version >= '3.7'",
            "version": "==3.6.0"
        },
        "django": {
            "hashes": [
                "sha256:ad33ed68db9398f5dfb33282704925bce044bef4261cd4fb59e4e7f9ae505a78",
                "sha256:c36e2ab12824e2ac36afa8b2515a70c53c7742f0d6eaefa7311ec379558db997"
            ],
            "index": "pypi",
            "version": "==4.2"
        },
        "django-cors-headers": {
            "hashes": [
                "sha256:5fbd58a6fb4119d975754b2bc090f35ec160a8373f276612c675b00e8a138739",
                "sha256:684180013cc7277bdd8702b80a3c5a4b3fcae4abb2bf134dceb9f5dfe300228e"
            ],
            "index": "pypi",
            "version": "==3.14.0"
        },
        "python-dotenv": {
            "hashes": [
                "sha256:a8df96034aae6d2d50a4ebe8216326c61c3eb64836776504fcca410e5937a3ba",
                "sha256:f5971a9226b701070a4bf2c38c89e5a3f0d64de8debda981d1db98583009122a"
            ],
            "index": "pypi",
            "version": "==1.0.0"
        },
        "sqlparse": {
            "hashes": [
                "sha256:5430a4fe2ac7d0f93e66f1efc6e1338a41884b7ddf2a350cedd20ccc4d9d28f3",
                "sha256:d446183e84b8349fa3061f0fe7f06ca94ba65b426946ffebe6e3e8295332420c"
            ],
            "markers": "python_version >= '3.5'",
            "version": "==0.4.4"
        },
        "whitenoise": {
            "hashes": [
                "sha256:599dc6ca57e48929dfeffb2e8e187879bfe2aed0d49ca419577005b7f2cc930b",
                "sha256:a02d6660ad161ff17e3042653c8e3f5ecbb2a2481a006bde125b9efb9a30113a"
            ],
            "index": "pypi",
            "version": "==6.4.0"
        }
    },
    "develop": {}
}
